
Microsoft Visual Studio Solution File, Format Version 12.00
# Visual Studio Version 16
VisualStudioVersion = 16.0.31605.320
MinimumVisualStudioVersion = 10.0.40219.1
Project("{9A19103F-16F7-4668-BE54-9A1E7A4F7556}") = "ConsoleApp1", "ConsoleApp1\ConsoleApp1.csproj", "{0398964C-5969-4AD2-936E-E6C9633C4B95}"
	ProjectSection(ProjectDependencies) = postProject
		{33A18CD8-673F-4E80-9734-206E02F7E8A9} = {33A18CD8-673F-4E80-9734-206E02F7E8A9}
	EndProjectSection
EndProject
Project("{9A19103F-16F7-4668-BE54-9A1E7A4F7556}") = "UnitTests", "UnitTests\UnitTests.csproj", "{C1AA1BBA-2C92-4E3B-AB48-B99DD20A9FA7}"
	ProjectSection(ProjectDependencies) = postProject
		{33A18CD8-673F-4E80-9734-206E02F7E8A9} = {33A18CD8-673F-4E80-9734-206E02F7E8A9}
	EndProjectSection
EndProject
Project("{FAE04EC0-301F-11D3-BF4B-00C04F79EFBC}") = "Database", "Database\Database.csproj", "{33A18CD8-673F-4E80-9734-206E02F7E8A9}"
EndProject
Global
	GlobalSection(SolutionConfigurationPlatforms) = preSolution
		Debug|Any CPU = Debug|Any CPU
		Release|Any CPU = Release|Any CPU
	EndGlobalSection
	GlobalSection(ProjectConfigurationPlatforms) = postSolution
		{0398964C-5969-4AD2-936E-E6C9633C4B95}.Debug|Any CPU.ActiveCfg = Debug|Any CPU
		{0398964C-5969-4AD2-936E-E6C9633C4B95}.Debug|Any CPU.Build.0 = Debug|Any CPU
		{0398964C-5969-4AD2-936E-E6C9633C4B95}.Release|Any CPU.ActiveCfg = Release|Any CPU
		{0398964C-5969-4AD2-936E-E6C9633C4B95}.Release|Any CPU.Build.0 = Release|Any CPU
		{C1AA1BBA-2C92-4E3B-AB48-B99DD20A9FA7}.Debug|Any CPU.ActiveCfg = Debug|Any CPU
		{C1AA1BBA-2C92-4E3B-AB48-B99DD20A9FA7}.Debug|Any CPU.Build.0 = Debug|Any CPU
		{C1AA1BBA-2C92-4E3B-AB48-B99DD20A9FA7}.Release|Any CPU.ActiveCfg = Release|Any CPU
		{C1AA1BBA-2C92-4E3B-AB48-B99DD20A9FA7}.Release|Any CPU.Build.0 = Release|Any CPU
		{33A18CD8-673F-4E80-9734-206E02F7E8A9}.Debug|Any CPU.ActiveCfg = Debug|Any CPU
		{33A18CD8-673F-4E80-9734-206E02F7E8A9}.Debug|Any CPU.Build.0 = Debug|Any CPU
		{33A18CD8-673F-4E80-9734-206E02F7E8A9}.Release|Any CPU.ActiveCfg = Release|Any CPU
		{33A18CD8-673F-4E80-9734-206E02F7E8A9}.Release|Any CPU.Build.0 = Release|Any CPU
	EndGlobalSection
	GlobalSection(SolutionProperties) = preSolution
		HideSolutionNode = FALSE
	EndGlobalSection
	GlobalSection(ExtensibilityGlobals) = postSolution
		SolutionGuid = {FAA16341-8FCD-47EF-83D8-521FCC5D55F8}
	EndGlobalSection
EndGlobal
